
Microsoft Visual Studio Solution File, Format Version 12.00
# Visual Studio Version 17
VisualStudioVersion = 17.0.32014.148
MinimumVisualStudioVersion = 10.0.40219.1
Project("{FAE04EC0-301F-11D3-BF4B-00C04F79EFBC}") = "HarkTechTest-BE", "HarkTechTest-BE\HarkTechTest-BE.csproj", "{D45CADAB-AC42-4E26-A26F-69E43FD672D1}"
EndProject
Global
	GlobalSection(SolutionConfigurationPlatforms) = preSolution
		Debug|Any CPU = Debug|Any CPU
		Release|Any CPU = Release|Any CPU
	EndGlobalSection
	GlobalSection(ProjectConfigurationPlatforms) = postSolution
		{D45CADAB-AC42-4E26-A26F-69E43FD672D1}.Debug|Any CPU.ActiveCfg = Debug|Any CPU
		{D45CADAB-AC42-4E26-A26F-69E43FD672D1}.Debug|Any CPU.Build.0 = Debug|Any CPU
		{D45CADAB-AC42-4E26-A26F-69E43FD672D1}.Release|Any CPU.ActiveCfg = Release|Any CPU
		{D45CADAB-AC42-4E26-A26F-69E43FD672D1}.Release|Any CPU.Build.0 = Release|Any CPU
	EndGlobalSection
	GlobalSection(SolutionProperties) = preSolution
		HideSolutionNode = FALSE
	EndGlobalSection
	GlobalSection(ExtensibilityGlobals) = postSolution
		SolutionGuid = {40167F46-8FA7-4458-810E-04788F4498B9}
	EndGlobalSection
EndGlobal
